{
  "name": "assembler",
  "version": "0.1.0",
  "lockfileVersion": 2,
  "requires": true,
  "packages": {
    "": {
      "name": "assembler",
      "version": "0.1.0",
      "hasInstallScript": true,
      "license": "MIT",
      "dependencies": {
        "react-hook-form": "^6.9.6"
      }
    },
    "node_modules/react-hook-form": {
      "version": "6.9.6",
      "resolved": "https://registry.npmjs.org/react-hook-form/-/react-hook-form-6.9.6.tgz",
      "integrity": "sha512-TyLqWHgFS1WLELDuUBvMWLHEzmR7aS7xOY+eOxMtS1w4jFhqF1xmHnMhJsbiFPSgC+OeTJ1Pc0U4K0y6cA7ERA==",
      "peerDependencies": {
        "react": "^16.8.0"
      }
    }
  },
  "dependencies": {
    "react-hook-form": {
      "version": "6.9.6",
      "resolved": "https://registry.npmjs.org/react-hook-form/-/react-hook-form-6.9.6.tgz",
      "integrity": "sha512-TyLqWHgFS1WLELDuUBvMWLHEzmR7aS7xOY+eOxMtS1w4jFhqF1xmHnMhJsbiFPSgC+OeTJ1Pc0U4K0y6cA7ERA==",
      "requires": {}
    }
  }
}
